// !$*UTF8*$!
{
	archiveVersion = 1;
	classes = {
	};
	objectVersion = 50;
	objects = {

/* Begin PBXBuildFile section */
		534099F224EBE5C900D216C1 /* AppDelegate.swift in Sources */ = {isa = PBXBuildFile; fileRef = 534099F124EBE5C900D216C1 /* AppDelegate.swift */; };
		534099F424EBE5C900D216C1 /* SceneDelegate.swift in Sources */ = {isa = PBXBuildFile; fileRef = 534099F324EBE5C900D216C1 /* SceneDelegate.swift */; };
		534099F624EBE5C900D216C1 /* CitiesListVC.swift in Sources */ = {isa = PBXBuildFile; fileRef = 534099F524EBE5C900D216C1 /* CitiesListVC.swift */; };
		534099FB24EBE5CB00D216C1 /* Assets.xcassets in Resources */ = {isa = PBXBuildFile; fileRef = 534099FA24EBE5CB00D216C1 /* Assets.xcassets */; };
		534099FE24EBE5CB00D216C1 /* LaunchScreen.storyboard in Resources */ = {isa = PBXBuildFile; fileRef = 534099FC24EBE5CB00D216C1 /* LaunchScreen.storyboard */; };
		53409A0B24EBECBC00D216C1 /* city.list.json in Resources */ = {isa = PBXBuildFile; fileRef = 53409A0A24EBECBC00D216C1 /* city.list.json */; };
		53409A0D24EBEF6300D216C1 /* City.swift in Sources */ = {isa = PBXBuildFile; fileRef = 53409A0C24EBEF6300D216C1 /* City.swift */; };
		53409A0F24EBEFD500D216C1 /* Coordinates.swift in Sources */ = {isa = PBXBuildFile; fileRef = 53409A0E24EBEFD500D216C1 /* Coordinates.swift */; };
		53409A1124EBF02400D216C1 /* CityTableViewCell.swift in Sources */ = {isa = PBXBuildFile; fileRef = 53409A1024EBF02400D216C1 /* CityTableViewCell.swift */; };
		53409A1624EC071800D216C1 /* NetworkManager.swift in Sources */ = {isa = PBXBuildFile; fileRef = 53409A1524EC071800D216C1 /* NetworkManager.swift */; };
		53409A1824EC0B0000D216C1 /* Api.swift in Sources */ = {isa = PBXBuildFile; fileRef = 53409A1724EC0B0000D216C1 /* Api.swift */; };
		53409A1A24EC562500D216C1 /* CityWeatherVC.swift in Sources */ = {isa = PBXBuildFile; fileRef = 53409A1924EC562500D216C1 /* CityWeatherVC.swift */; };
		53409A1C24EC6C9600D216C1 /* CityWeather.swift in Sources */ = {isa = PBXBuildFile; fileRef = 53409A1B24EC6C9600D216C1 /* CityWeather.swift */; };
		53409A1E24EC6CC900D216C1 /* Weather.swift in Sources */ = {isa = PBXBuildFile; fileRef = 53409A1D24EC6CC900D216C1 /* Weather.swift */; };
		53409A2224EC6D3D00D216C1 /* MainWeatherInfo.swift in Sources */ = {isa = PBXBuildFile; fileRef = 53409A2124EC6D3D00D216C1 /* MainWeatherInfo.swift */; };
		53409A2724ED1B0700D216C1 /* WeatherInfoView.swift in Sources */ = {isa = PBXBuildFile; fileRef = 53409A2624ED1B0700D216C1 /* WeatherInfoView.swift */; };
		535965E624ED2200006F7AA3 /* WeatherInfoItem.swift in Sources */ = {isa = PBXBuildFile; fileRef = 535965E524ED2200006F7AA3 /* WeatherInfoItem.swift */; };
		535965ED24EE445B006F7AA3 /* WeatherInfoTableViewCell.swift in Sources */ = {isa = PBXBuildFile; fileRef = 535965EC24EE445B006F7AA3 /* WeatherInfoTableViewCell.swift */; };
		535965EF24EE5490006F7AA3 /* UIView+Parallax.swift in Sources */ = {isa = PBXBuildFile; fileRef = 535965EE24EE5490006F7AA3 /* UIView+Parallax.swift */; };
		535965F124EE54DD006F7AA3 /* ViewController+Spinner.swift in Sources */ = {isa = PBXBuildFile; fileRef = 535965F024EE54DC006F7AA3 /* ViewController+Spinner.swift */; };
		535965F324EE771D006F7AA3 /* Wind.swift in Sources */ = {isa = PBXBuildFile; fileRef = 535965F224EE771D006F7AA3 /* Wind.swift */; };
/* End PBXBuildFile section */

/* Begin PBXFileReference section */
		534099EE24EBE5C900D216C1 /* Weather-App.app */ = {isa = PBXFileReference; explicitFileType = wrapper.application; includeInIndex = 0; path = "Weather-App.app"; sourceTree = BUILT_PRODUCTS_DIR; };
		534099F124EBE5C900D216C1 /* AppDelegate.swift */ = {isa = PBXFileReference; lastKnownFileType = sourcecode.swift; path = AppDelegate.swift; sourceTree = "<group>"; };
		534099F324EBE5C900D216C1 /* SceneDelegate.swift */ = {isa = PBXFileReference; lastKnownFileType = sourcecode.swift; path = SceneDelegate.swift; sourceTree = "<group>"; };
		534099F524EBE5C900D216C1 /* CitiesListVC.swift */ = {isa = PBXFileReference; lastKnownFileType = sourcecode.swift; path = CitiesListVC.swift; sourceTree = "<group>"; };
		534099FA24EBE5CB00D216C1 /* Assets.xcassets */ = {isa = PBXFileReference; lastKnownFileType = folder.assetcatalog; path = Assets.xcassets; sourceTree = "<group>"; };
		534099FD24EBE5CB00D216C1 /* Base */ = {isa = PBXFileReference; lastKnownFileType = file.storyboard; name = Base; path = Base.lproj/LaunchScreen.storyboard; sourceTree = "<group>"; };
		534099FF24EBE5CB00D216C1 /* Info.plist */ = {isa = PBXFileReference; lastKnownFileType = text.plist.xml; path = Info.plist; sourceTree = "<group>"; };
		53409A0A24EBECBC00D216C1 /* city.list.json */ = {isa = PBXFileReference; fileEncoding = 4; lastKnownFileType = text.json; path = city.list.json; sourceTree = "<group>"; };
		53409A0C24EBEF6300D216C1 /* City.swift */ = {isa = PBXFileReference; lastKnownFileType = sourcecode.swift; path = City.swift; sourceTree = "<group>"; };
		53409A0E24EBEFD500D216C1 /* Coordinates.swift */ = {isa = PBXFileReference; lastKnownFileType = sourcecode.swift; path = Coordinates.swift; sourceTree = "<group>"; };
		53409A1024EBF02400D216C1 /* CityTableViewCell.swift */ = {isa = PBXFileReference; lastKnownFileType = sourcecode.swift; path = CityTableViewCell.swift; sourceTree = "<group>"; };
		53409A1524EC071800D216C1 /* NetworkManager.swift */ = {isa = PBXFileReference; lastKnownFileType = sourcecode.swift; path = NetworkManager.swift; sourceTree = "<group>"; };
		53409A1724EC0B0000D216C1 /* Api.swift */ = {isa = PBXFileReference; lastKnownFileType = sourcecode.swift; path = Api.swift; sourceTree = "<group>"; };
		53409A1924EC562500D216C1 /* CityWeatherVC.swift */ = {isa = PBXFileReference; lastKnownFileType = sourcecode.swift; path = CityWeatherVC.swift; sourceTree = "<group>"; };
		53409A1B24EC6C9600D216C1 /* CityWeather.swift */ = {isa = PBXFileReference; lastKnownFileType = sourcecode.swift; path = CityWeather.swift; sourceTree = "<group>"; };
		53409A1D24EC6CC900D216C1 /* Weather.swift */ = {isa = PBXFileReference; lastKnownFileType = sourcecode.swift; path = Weather.swift; sourceTree = "<group>"; };
		53409A2124EC6D3D00D216C1 /* MainWeatherInfo.swift */ = {isa = PBXFileReference; lastKnownFileType = sourcecode.swift; path = MainWeatherInfo.swift; sourceTree = "<group>"; };
		53409A2624ED1B0700D216C1 /* WeatherInfoView.swift */ = {isa = PBXFileReference; lastKnownFileType = sourcecode.swift; path = WeatherInfoView.swift; sourceTree = "<group>"; };
		535965E524ED2200006F7AA3 /* WeatherInfoItem.swift */ = {isa = PBXFileReference; lastKnownFileType = sourcecode.swift; path = WeatherInfoItem.swift; sourceTree = "<group>"; };
		535965EC24EE445B006F7AA3 /* WeatherInfoTableViewCell.swift */ = {isa = PBXFileReference; lastKnownFileType = sourcecode.swift; path = WeatherInfoTableViewCell.swift; sourceTree = "<group>"; };
		535965EE24EE5490006F7AA3 /* UIView+Parallax.swift */ = {isa = PBXFileReference; lastKnownFileType = sourcecode.swift; path = "UIView+Parallax.swift"; sourceTree = "<group>"; };
		535965F024EE54DC006F7AA3 /* ViewController+Spinner.swift */ = {isa = PBXFileReference; fileEncoding = 4; lastKnownFileType = sourcecode.swift; path = "ViewController+Spinner.swift"; sourceTree = "<group>"; };
		535965F224EE771D006F7AA3 /* Wind.swift */ = {isa = PBXFileReference; lastKnownFileType = sourcecode.swift; path = Wind.swift; sourceTree = "<group>"; };
/* End PBXFileReference section */

/* Begin PBXFrameworksBuildPhase section */
		534099EB24EBE5C900D216C1 /* Frameworks */ = {
			isa = PBXFrameworksBuildPhase;
			buildActionMask = 2147483647;
			files = (
			);
			runOnlyForDeploymentPostprocessing = 0;
		};
/* End PBXFrameworksBuildPhase section */

/* Begin PBXGroup section */
		534099E524EBE5C900D216C1 = {
			isa = PBXGroup;
			children = (
				534099F024EBE5C900D216C1 /* Weather-App */,
				534099EF24EBE5C900D216C1 /* Products */,
			);
			sourceTree = "<group>";
		};
		534099EF24EBE5C900D216C1 /* Products */ = {
			isa = PBXGroup;
			children = (
				534099EE24EBE5C900D216C1 /* Weather-App.app */,
			);
			name = Products;
			sourceTree = "<group>";
		};
		534099F024EBE5C900D216C1 /* Weather-App */ = {
			isa = PBXGroup;
			children = (
				53409A2324ED10DD00D216C1 /* Extensions */,
				53409A1424EC063D00D216C1 /* Managers */,
				53409A0724EBE89E00D216C1 /* Models */,
				53409A0624EBE89800D216C1 /* Views */,
				53409A0524EBE88900D216C1 /* Controllers */,
				53409A0824EBE8B200D216C1 /* Utils */,
				53409A0924EBE8D700D216C1 /* Helpers */,
				534099FA24EBE5CB00D216C1 /* Assets.xcassets */,
				53409A0A24EBECBC00D216C1 /* city.list.json */,
				534099FC24EBE5CB00D216C1 /* LaunchScreen.storyboard */,
				534099FF24EBE5CB00D216C1 /* Info.plist */,
			);
			path = "Weather-App";
			sourceTree = "<group>";
		};
		53409A0524EBE88900D216C1 /* Controllers */ = {
			isa = PBXGroup;
			children = (
				534099F524EBE5C900D216C1 /* CitiesListVC.swift */,
				53409A1924EC562500D216C1 /* CityWeatherVC.swift */,
			);
			path = Controllers;
			sourceTree = "<group>";
		};
		53409A0624EBE89800D216C1 /* Views */ = {
			isa = PBXGroup;
			children = (
				535965EB24EE4438006F7AA3 /* Cells */,
				53409A2624ED1B0700D216C1 /* WeatherInfoView.swift */,
				535965E524ED2200006F7AA3 /* WeatherInfoItem.swift */,
			);
			path = Views;
			sourceTree = "<group>";
		};
		53409A0724EBE89E00D216C1 /* Models */ = {
			isa = PBXGroup;
			children = (
				53409A0C24EBEF6300D216C1 /* City.swift */,
				53409A0E24EBEFD500D216C1 /* Coordinates.swift */,
				53409A1B24EC6C9600D216C1 /* CityWeather.swift */,
				53409A1D24EC6CC900D216C1 /* Weather.swift */,
				53409A2124EC6D3D00D216C1 /* MainWeatherInfo.swift */,
				535965F224EE771D006F7AA3 /* Wind.swift */,
			);
			path = Models;
			sourceTree = "<group>";
		};
		53409A0824EBE8B200D216C1 /* Utils */ = {
			isa = PBXGroup;
			children = (
				53409A1724EC0B0000D216C1 /* Api.swift */,
			);
			path = Utils;
			sourceTree = "<group>";
		};
		53409A0924EBE8D700D216C1 /* Helpers */ = {
			isa = PBXGroup;
			children = (
				534099F124EBE5C900D216C1 /* AppDelegate.swift */,
				534099F324EBE5C900D216C1 /* SceneDelegate.swift */,
			);
			path = Helpers;
			sourceTree = "<group>";
		};
		53409A1424EC063D00D216C1 /* Managers */ = {
			isa = PBXGroup;
			children = (
				53409A1524EC071800D216C1 /* NetworkManager.swift */,
			);
			path = Managers;
			sourceTree = "<group>";
		};
		53409A2324ED10DD00D216C1 /* Extensions */ = {
			isa = PBXGroup;
			children = (
				535965EE24EE5490006F7AA3 /* UIView+Parallax.swift */,
				535965F024EE54DC006F7AA3 /* ViewController+Spinner.swift */,
			);
			path = Extensions;
			sourceTree = "<group>";
		};
		535965EB24EE4438006F7AA3 /* Cells */ = {
			isa = PBXGroup;
			children = (
				53409A1024EBF02400D216C1 /* CityTableViewCell.swift */,
				535965EC24EE445B006F7AA3 /* WeatherInfoTableViewCell.swift */,
			);
			path = Cells;
			sourceTree = "<group>";
		};
/* End PBXGroup section */

/* Begin PBXNativeTarget section */
		534099ED24EBE5C900D216C1 /* Weather-App */ = {
			isa = PBXNativeTarget;
			buildConfigurationList = 53409A0224EBE5CB00D216C1 /* Build configuration list for PBXNativeTarget "Weather-App" */;
			buildPhases = (
				534099EA24EBE5C900D216C1 /* Sources */,
				534099EB24EBE5C900D216C1 /* Frameworks */,
				534099EC24EBE5C900D216C1 /* Resources */,
			);
			buildRules = (
			);
			dependencies = (
			);
			name = "Weather-App";
			productName = "Weather-App";
			productReference = 534099EE24EBE5C900D216C1 /* Weather-App.app */;
			productType = "com.apple.product-type.application";
		};
/* End PBXNativeTarget section */

/* Begin PBXProject section */
		534099E624EBE5C900D216C1 /* Project object */ = {
			isa = PBXProject;
			attributes = {
				LastSwiftUpdateCheck = 1130;
				LastUpgradeCheck = 1130;
				ORGANIZATIONNAME = "Oleksandr Myronovych";
				TargetAttributes = {
					534099ED24EBE5C900D216C1 = {
						CreatedOnToolsVersion = 11.3.1;
					};
				};
			};
			buildConfigurationList = 534099E924EBE5C900D216C1 /* Build configuration list for PBXProject "Weather-App" */;
			compatibilityVersion = "Xcode 9.3";
			developmentRegion = en;
			hasScannedForEncodings = 0;
			knownRegions = (
				en,
				Base,
			);
			mainGroup = 534099E524EBE5C900D216C1;
			productRefGroup = 534099EF24EBE5C900D216C1 /* Products */;
			projectDirPath = "";
			projectRoot = "";
			targets = (
				534099ED24EBE5C900D216C1 /* Weather-App */,
			);
		};
/* End PBXProject section */

/* Begin PBXResourcesBuildPhase section */
		534099EC24EBE5C900D216C1 /* Resources */ = {
			isa = PBXResourcesBuildPhase;
			buildActionMask = 2147483647;
			files = (
				534099FE24EBE5CB00D216C1 /* LaunchScreen.storyboard in Resources */,
				534099FB24EBE5CB00D216C1 /* Assets.xcassets in Resources */,
				53409A0B24EBECBC00D216C1 /* city.list.json in Resources */,
			);
			runOnlyForDeploymentPostprocessing = 0;
		};
/* End PBXResourcesBuildPhase section */

/* Begin PBXSourcesBuildPhase section */
		534099EA24EBE5C900D216C1 /* Sources */ = {
			isa = PBXSourcesBuildPhase;
			buildActionMask = 2147483647;
			files = (
				53409A1124EBF02400D216C1 /* CityTableViewCell.swift in Sources */,
				534099F624EBE5C900D216C1 /* CitiesListVC.swift in Sources */,
				53409A2724ED1B0700D216C1 /* WeatherInfoView.swift in Sources */,
				534099F224EBE5C900D216C1 /* AppDelegate.swift in Sources */,
				53409A2224EC6D3D00D216C1 /* MainWeatherInfo.swift in Sources */,
				53409A1E24EC6CC900D216C1 /* Weather.swift in Sources */,
				53409A1624EC071800D216C1 /* NetworkManager.swift in Sources */,
				53409A0D24EBEF6300D216C1 /* City.swift in Sources */,
				535965ED24EE445B006F7AA3 /* WeatherInfoTableViewCell.swift in Sources */,
				534099F424EBE5C900D216C1 /* SceneDelegate.swift in Sources */,
				53409A1824EC0B0000D216C1 /* Api.swift in Sources */,
				535965F324EE771D006F7AA3 /* Wind.swift in Sources */,
				53409A0F24EBEFD500D216C1 /* Coordinates.swift in Sources */,
				535965E624ED2200006F7AA3 /* WeatherInfoItem.swift in Sources */,
				53409A1A24EC562500D216C1 /* CityWeatherVC.swift in Sources */,
				535965EF24EE5490006F7AA3 /* UIView+Parallax.swift in Sources */,
				53409A1C24EC6C9600D216C1 /* CityWeather.swift in Sources */,
				535965F124EE54DD006F7AA3 /* ViewController+Spinner.swift in Sources */,
			);
			runOnlyForDeploymentPostprocessing = 0;
		};
/* End PBXSourcesBuildPhase section */

/* Begin PBXVariantGroup section */
		534099FC24EBE5CB00D216C1 /* LaunchScreen.storyboard */ = {
			isa = PBXVariantGroup;
			children = (
				534099FD24EBE5CB00D216C1 /* Base */,
			);
			name = LaunchScreen.storyboard;
			sourceTree = "<group>";
		};
/* End PBXVariantGroup section */

/* Begin XCBuildConfiguration section */
		53409A0024EBE5CB00D216C1 /* Debug */ = {
			isa = XCBuildConfiguration;
			buildSettings = {
				ALWAYS_SEARCH_USER_PATHS = NO;
				CLANG_ANALYZER_NONNULL = YES;
				CLANG_ANALYZER_NUMBER_OBJECT_CONVERSION = YES_AGGRESSIVE;
				CLANG_CXX_LANGUAGE_STANDARD = "gnu++14";
				CLANG_CXX_LIBRARY = "libc++";
				CLANG_ENABLE_MODULES = YES;
				CLANG_ENABLE_OBJC_ARC = YES;
				CLANG_ENABLE_OBJC_WEAK = YES;
				CLANG_WARN_BLOCK_CAPTURE_AUTORELEASING = YES;
				CLANG_WARN_BOOL_CONVERSION = YES;
				CLANG_WARN_COMMA = YES;
				CLANG_WARN_CONSTANT_CONVERSION = YES;
				CLANG_WARN_DEPRECATED_OBJC_IMPLEMENTATIONS = YES;
				CLANG_WARN_DIRECT_OBJC_ISA_USAGE = YES_ERROR;
				CLANG_WARN_DOCUMENTATION_COMMENTS = YES;
				CLANG_WARN_EMPTY_BODY = YES;
				CLANG_WARN_ENUM_CONVERSION = YES;
				CLANG_WARN_INFINITE_RECURSION = YES;
				CLANG_WARN_INT_CONVERSION = YES;
				CLANG_WARN_NON_LITERAL_NULL_CONVERSION = YES;
				CLANG_WARN_OBJC_IMPLICIT_RETAIN_SELF = YES;
				CLANG_WARN_OBJC_LITERAL_CONVERSION = YES;
				CLANG_WARN_OBJC_ROOT_CLASS = YES_ERROR;
				CLANG_WARN_RANGE_LOOP_ANALYSIS = YES;
				CLANG_WARN_STRICT_PROTOTYPES = YES;
				CLANG_WARN_SUSPICIOUS_MOVE = YES;
				CLANG_WARN_UNGUARDED_AVAILABILITY = YES_AGGRESSIVE;
				CLANG_WARN_UNREACHABLE_CODE = YES;
				CLANG_WARN__DUPLICATE_METHOD_MATCH = YES;
				COPY_PHASE_STRIP = NO;
				DEBUG_INFORMATION_FORMAT = dwarf;
				ENABLE_STRICT_OBJC_MSGSEND = YES;
				ENABLE_TESTABILITY = YES;
				GCC_C_LANGUAGE_STANDARD = gnu11;
				GCC_DYNAMIC_NO_PIC = NO;
				GCC_NO_COMMON_BLOCKS = YES;
				GCC_OPTIMIZATION_LEVEL = 0;
				GCC_PREPROCESSOR_DEFINITIONS = (
					"DEBUG=1",
					"$(inherited)",
				);
				GCC_WARN_64_TO_32_BIT_CONVERSION = YES;
				GCC_WARN_ABOUT_RETURN_TYPE = YES_ERROR;
				GCC_WARN_UNDECLARED_SELECTOR = YES;
				GCC_WARN_UNINITIALIZED_AUTOS = YES_AGGRESSIVE;
				GCC_WARN_UNUSED_FUNCTION = YES;
				GCC_WARN_UNUSED_VARIABLE = YES;
				IPHONEOS_DEPLOYMENT_TARGET = 13.2;
				MTL_ENABLE_DEBUG_INFO = INCLUDE_SOURCE;
				MTL_FAST_MATH = YES;
				ONLY_ACTIVE_ARCH = YES;
				SDKROOT = iphoneos;
				SWIFT_ACTIVE_COMPILATION_CONDITIONS = DEBUG;
				SWIFT_OPTIMIZATION_LEVEL = "-Onone";
			};
			name = Debug;
		};
		53409A0124EBE5CB00D216C1 /* Release */ = {
			isa = XCBuildConfiguration;
			buildSettings = {
				ALWAYS_SEARCH_USER_PATHS = NO;
				CLANG_ANALYZER_NONNULL = YES;
				CLANG_ANALYZER_NUMBER_OBJECT_CONVERSION = YES_AGGRESSIVE;
				CLANG_CXX_LANGUAGE_STANDARD = "gnu++14";
				CLANG_CXX_LIBRARY = "libc++";
				CLANG_ENABLE_MODULES = YES;
				CLANG_ENABLE_OBJC_ARC = YES;
				CLANG_ENABLE_OBJC_WEAK = YES;
				CLANG_WARN_BLOCK_CAPTURE_AUTORELEASING = YES;
				CLANG_WARN_BOOL_CONVERSION = YES;
				CLANG_WARN_COMMA = YES;
				CLANG_WARN_CONSTANT_CONVERSION = YES;
				CLANG_WARN_DEPRECATED_OBJC_IMPLEMENTATIONS = YES;
				CLANG_WARN_DIRECT_OBJC_ISA_USAGE = YES_ERROR;
				CLANG_WARN_DOCUMENTATION_COMMENTS = YES;
				CLANG_WARN_EMPTY_BODY = YES;
				CLANG_WARN_ENUM_CONVERSION = YES;
				CLANG_WARN_INFINITE_RECURSION = YES;
				CLANG_WARN_INT_CONVERSION = YES;
				CLANG_WARN_NON_LITERAL_NULL_CONVERSION = YES;
				CLANG_WARN_OBJC_IMPLICIT_RETAIN_SELF = YES;
				CLANG_WARN_OBJC_LITERAL_CONVERSION = YES;
				CLANG_WARN_OBJC_ROOT_CLASS = YES_ERROR;
				CLANG_WARN_RANGE_LOOP_ANALYSIS = YES;
				CLANG_WARN_STRICT_PROTOTYPES = YES;
				CLANG_WARN_SUSPICIOUS_MOVE = YES;
				CLANG_WARN_UNGUARDED_AVAILABILITY = YES_AGGRESSIVE;
				CLANG_WARN_UNREACHABLE_CODE = YES;
				CLANG_WARN__DUPLICATE_METHOD_MATCH = YES;
				COPY_PHASE_STRIP = NO;
				DEBUG_INFORMATION_FORMAT = "dwarf-with-dsym";
				ENABLE_NS_ASSERTIONS = NO;
				ENABLE_STRICT_OBJC_MSGSEND = YES;
				GCC_C_LANGUAGE_STANDARD = gnu11;
				GCC_NO_COMMON_BLOCKS = YES;
				GCC_WARN_64_TO_32_BIT_CONVERSION = YES;
				GCC_WARN_ABOUT_RETURN_TYPE = YES_ERROR;
				GCC_WARN_UNDECLARED_SELECTOR = YES;
				GCC_WARN_UNINITIALIZED_AUTOS = YES_AGGRESSIVE;
				GCC_WARN_UNUSED_FUNCTION = YES;
				GCC_WARN_UNUSED_VARIABLE = YES;
				IPHONEOS_DEPLOYMENT_TARGET = 13.2;
				MTL_ENABLE_DEBUG_INFO = NO;
				MTL_FAST_MATH = YES;
				SDKROOT = iphoneos;
				SWIFT_COMPILATION_MODE = wholemodule;
				SWIFT_OPTIMIZATION_LEVEL = "-O";
				VALIDATE_PRODUCT = YES;
			};
			name = Release;
		};
		53409A0324EBE5CB00D216C1 /* Debug */ = {
			isa = XCBuildConfiguration;
			buildSettings = {
				ASSETCATALOG_COMPILER_APPICON_NAME = AppIcon;
				CODE_SIGN_STYLE = Automatic;
				DEVELOPMENT_TEAM = JV68FYXAF2;
				INFOPLIST_FILE = "Weather-App/Info.plist";
				LD_RUNPATH_SEARCH_PATHS = (
					"$(inherited)",
					"@executable_path/Frameworks",
				);
				PRODUCT_BUNDLE_IDENTIFIER = "me.Myronovych.Oleksandr.Weather-App";
				PRODUCT_NAME = "$(TARGET_NAME)";
				SWIFT_VERSION = 5.0;
				TARGETED_DEVICE_FAMILY = "1,2";
			};
			name = Debug;
		};
		53409A0424EBE5CB00D216C1 /* Release */ = {
			isa = XCBuildConfiguration;
			buildSettings = {
				ASSETCATALOG_COMPILER_APPICON_NAME = AppIcon;
				CODE_SIGN_STYLE = Automatic;
				DEVELOPMENT_TEAM = JV68FYXAF2;
				INFOPLIST_FILE = "Weather-App/Info.plist";
				LD_RUNPATH_SEARCH_PATHS = (
					"$(inherited)",
					"@executable_path/Frameworks",
				);
				PRODUCT_BUNDLE_IDENTIFIER = "me.Myronovych.Oleksandr.Weather-App";
				PRODUCT_NAME = "$(TARGET_NAME)";
				SWIFT_VERSION = 5.0;
				TARGETED_DEVICE_FAMILY = "1,2";
			};
			name = Release;
		};
/* End XCBuildConfiguration section */

/* Begin XCConfigurationList section */
		534099E924EBE5C900D216C1 /* Build configuration list for PBXProject "Weather-App" */ = {
			isa = XCConfigurationList;
			buildConfigurations = (
				53409A0024EBE5CB00D216C1 /* Debug */,
				53409A0124EBE5CB00D216C1 /* Release */,
			);
			defaultConfigurationIsVisible = 0;
			defaultConfigurationName = Release;
		};
		53409A0224EBE5CB00D216C1 /* Build configuration list for PBXNativeTarget "Weather-App" */ = {
			isa = XCConfigurationList;
			buildConfigurations = (
				53409A0324EBE5CB00D216C1 /* Debug */,
				53409A0424EBE5CB00D216C1 /* Release */,
			);
			defaultConfigurationIsVisible = 0;
			defaultConfigurationName = Release;
		};
/* End XCConfigurationList section */
	};
	rootObject = 534099E624EBE5C900D216C1 /* Project object */;
}
